lockfileVersion: '9.0'

settings:
  autoInstallPeers: true
  excludeLinksFromLockfile: false

importers:

  .:
    dependencies:
      dotenv:
        specifier: ^17.2.3
        version: 17.2.3
      openai:
        specifier: ^6.17.0
        version: 6.17.0
    devDependencies:
      husky:
        specifier: ^9.1.7
        version: 9.1.7

packages:

  dotenv@17.2.3:
    resolution: {integrity: sha512-JVUnt+DUIzu87TABbhPmNfVdBDt18BLOWjMUFJMSi/Qqg7NTYtabbvSNJGOJ7afbRuv9D/lngizHtP7QyLQ+9w==}
    engines: {node: '>=12'}

  husky@9.1.7:
    resolution: {integrity: sha512-5gs5ytaNjBrh5Ow3zrvdUUY+0VxIuWVL4i9irt6friV+BqdCfmV11CQTWMiBYWHbXhco+J1kHfTOUkePhCDvMA==}
    engines: {node: '>=18'}
    hasBin: true

  openai@6.17.0:
    resolution: {integrity: sha512-NHRpPEUPzAvFOAFs9+9pC6+HCw/iWsYsKCMPXH5Kw7BpMxqd8g/A07/1o7Gx2TWtCnzevVRyKMRFqyiHyAlqcA==}
    hasBin: true
    peerDependencies:
      ws: ^8.18.0
      zod: ^3.25 || ^4.0
    peerDependenciesMeta:
      ws:
        optional: true
      zod:
        optional: true

snapshots:

  dotenv@17.2.3: {}

  husky@9.1.7: {}

  openai@6.17.0: {}
